<?xml version="1.0" encoding="UTF-8"?>
<Project ToolsVersion="12.0" xmlns="http://schemas.microsoft.com/developer/msbuild/2003">
  <ItemGroup>
    <CustomBuild Include="D:\Projects\CUDA\2MemoryAllocate\main.cu" />
    <CustomBuild Include="D:\Projects\CUDA\2MemoryAllocate\CMakeLists.txt" />
  </ItemGroup>
  <ItemGroup>
    <Object Include="D:\Projects\CUDA\2MemoryAllocate\CMakeFiles\2MemoryAllocate.dir\$(Configuration)\2MemoryAllocate_generated_main.cu.obj">
      <Filter>Object Files</Filter>
    </Object>
  </ItemGroup>
  <ItemGroup>
    <Filter Include="Object Files">
      <UniqueIdentifier>{D55FD4F2-4350-3FC2-B193-890A72E11181}</UniqueIdentifier>
    </Filter>
  </ItemGroup>
</Project>
